
Microsoft Visual Studio Solution File, Format Version 12.00
# Visual Studio 15
VisualStudioVersion = 15.0.28307.902
MinimumVisualStudioVersion = 10.0.40219.1
Project("{FAE04EC0-301F-11D3-BF4B-00C04F79EFBC}") = "tcpkill", "tcpkill.csproj", "{4C7705DE-9CAF-415E-A86A-D221857316DA}"
EndProject
Global
	GlobalSection(SolutionConfigurationPlatforms) = preSolution
		Debug|Any CPU = Debug|Any CPU
		Release|Any CPU = Release|Any CPU
	EndGlobalSection
	GlobalSection(ProjectConfigurationPlatforms) = postSolution
		{4C7705DE-9CAF-415E-A86A-D221857316DA}.Debug|Any CPU.ActiveCfg = Debug|Any CPU
		{4C7705DE-9CAF-415E-A86A-D221857316DA}.Debug|Any CPU.Build.0 = Debug|Any CPU
		{4C7705DE-9CAF-415E-A86A-D221857316DA}.Release|Any CPU.ActiveCfg = Release|Any CPU
		{4C7705DE-9CAF-415E-A86A-D221857316DA}.Release|Any CPU.Build.0 = Release|Any CPU
	EndGlobalSection
	GlobalSection(SolutionProperties) = preSolution
		HideSolutionNode = FALSE
	EndGlobalSection
	GlobalSection(ExtensibilityGlobals) = postSolution
		SolutionGuid = {35AE0FD8-CB16-4D46-B636-2DA3933A89A0}
	EndGlobalSection
EndGlobal
